// !$*UTF8*$!
{
	archiveVersion = 1;
	classes = {
	};
	objectVersion = 46;
	objects = {

/* Begin PBXBuildFile section */
		F7D9AD36149D9791004227F7 /* Clarity.c in Sources */ = {isa = PBXBuildFile; fileRef = F7D9AD01149D957A004227F7 /* Clarity.c */; };
		F7D9AD38149D9791004227F7 /* ClarityArray.c in Sources */ = {isa = PBXBuildFile; fileRef = F7D9AD03149D957A004227F7 /* ClarityArray.c */; };
		F7D9AD3A149D9791004227F7 /* ClarityDictionary.c in Sources */ = {isa = PBXBuildFile; fileRef = F7D9AD05149D957A004227F7 /* ClarityDictionary.c */; };
		F7D9AD3C149D9791004227F7 /* ClarityEventLoop.c in Sources */ = {isa = PBXBuildFile; fileRef = F7D9AD07149D957A004227F7 /* ClarityEventLoop.c */; };
		F7D9AD3E149D9791004227F7 /* ClarityHeap.c in Sources */ = {isa = PBXBuildFile; fileRef = F7D9AD09149D957A004227F7 /* ClarityHeap.c */; };
		F7D9AD41149D9791004227F7 /* main.c in Sources */ = {isa = PBXBuildFile; fileRef = F7D9AD0C149D957A004227F7 /* main.c */; };
		F7D9AD44149DD910004227F7 /* ClarityString.c in Sources */ = {isa = PBXBuildFile; fileRef = F7D9AD42149DD910004227F7 /* ClarityString.c */; };
/* End PBXBuildFile section */

/* Begin PBXCopyFilesBuildPhase section */
		F7D9AD2A149D9752004227F7 /* CopyFiles */ = {
			isa = PBXCopyFilesBuildPhase;
			buildActionMask = 2147483647;
			dstPath = /usr/share/man/man1/;
			dstSubfolderSpec = 0;
			files = (
			);
			runOnlyForDeploymentPostprocessing = 1;
		};
/* End PBXCopyFilesBuildPhase section */

/* Begin PBXFileReference section */
		F72ABE13149C93CC00477DD7 /* checkpatch.pl */ = {isa = PBXFileReference; fileEncoding = 4; lastKnownFileType = text.script.perl; name = checkpatch.pl; path = ../checkpatch.pl; sourceTree = "<group>"; };
		F7D9AD01149D957A004227F7 /* Clarity.c */ = {isa = PBXFileReference; fileEncoding = 4; lastKnownFileType = sourcecode.c.c; path = Clarity.c; sourceTree = "<group>"; };
		F7D9AD02149D957A004227F7 /* Clarity.h */ = {isa = PBXFileReference; fileEncoding = 4; lastKnownFileType = sourcecode.c.h; path = Clarity.h; sourceTree = "<group>"; };
		F7D9AD03149D957A004227F7 /* ClarityArray.c */ = {isa = PBXFileReference; fileEncoding = 4; lastKnownFileType = sourcecode.c.c; path = ClarityArray.c; sourceTree = "<group>"; };
		F7D9AD04149D957A004227F7 /* ClarityArray.h */ = {isa = PBXFileReference; fileEncoding = 4; lastKnownFileType = sourcecode.c.h; path = ClarityArray.h; sourceTree = "<group>"; };
		F7D9AD05149D957A004227F7 /* ClarityDictionary.c */ = {isa = PBXFileReference; fileEncoding = 4; lastKnownFileType = sourcecode.c.c; path = ClarityDictionary.c; sourceTree = "<group>"; };
		F7D9AD06149D957A004227F7 /* ClarityDictionary.h */ = {isa = PBXFileReference; fileEncoding = 4; lastKnownFileType = sourcecode.c.h; path = ClarityDictionary.h; sourceTree = "<group>"; };
		F7D9AD07149D957A004227F7 /* ClarityEventLoop.c */ = {isa = PBXFileReference; fileEncoding = 4; lastKnownFileType = sourcecode.c.c; path = ClarityEventLoop.c; sourceTree = "<group>"; };
		F7D9AD08149D957A004227F7 /* ClarityEventLoop.h */ = {isa = PBXFileReference; fileEncoding = 4; lastKnownFileType = sourcecode.c.h; path = ClarityEventLoop.h; sourceTree = "<group>"; };
		F7D9AD09149D957A004227F7 /* ClarityHeap.c */ = {isa = PBXFileReference; fileEncoding = 4; lastKnownFileType = sourcecode.c.c; path = ClarityHeap.c; sourceTree = "<group>"; };
		F7D9AD0A149D957A004227F7 /* ClarityHeap.h */ = {isa = PBXFileReference; fileEncoding = 4; lastKnownFileType = sourcecode.c.h; path = ClarityHeap.h; sourceTree = "<group>"; };
		F7D9AD0B149D957A004227F7 /* ClarityTypes.h */ = {isa = PBXFileReference; fileEncoding = 4; lastKnownFileType = sourcecode.c.h; path = ClarityTypes.h; sourceTree = "<group>"; };
		F7D9AD0C149D957A004227F7 /* main.c */ = {isa = PBXFileReference; fileEncoding = 4; lastKnownFileType = sourcecode.c.c; path = main.c; sourceTree = "<group>"; };
		F7D9AD2C149D9752004227F7 /* clarity */ = {isa = PBXFileReference; explicitFileType = "compiled.mach-o.executable"; includeInIndex = 0; path = clarity; sourceTree = BUILT_PRODUCTS_DIR; };
		F7D9AD42149DD910004227F7 /* ClarityString.c */ = {isa = PBXFileReference; fileEncoding = 4; lastKnownFileType = sourcecode.c.c; path = ClarityString.c; sourceTree = "<group>"; };
		F7D9AD43149DD910004227F7 /* ClarityString.h */ = {isa = PBXFileReference; fileEncoding = 4; lastKnownFileType = sourcecode.c.h; path = ClarityString.h; sourceTree = "<group>"; };
/* End PBXFileReference section */

/* Begin PBXFrameworksBuildPhase section */
		F7D9AD29149D9752004227F7 /* Frameworks */ = {
			isa = PBXFrameworksBuildPhase;
			buildActionMask = 2147483647;
			files = (
			);
			runOnlyForDeploymentPostprocessing = 0;
		};
/* End PBXFrameworksBuildPhase section */

/* Begin PBXGroup section */
		F72ABDE4149C6EAA00477DD7 = {
			isa = PBXGroup;
			children = (
				F7D9AD00149D957A004227F7 /* runtime */,
				F72ABE13149C93CC00477DD7 /* checkpatch.pl */,
				F72ABDF0149C6EAA00477DD7 /* Products */,
			);
			sourceTree = "<group>";
		};
		F72ABDF0149C6EAA00477DD7 /* Products */ = {
			isa = PBXGroup;
			children = (
				F7D9AD2C149D9752004227F7 /* clarity */,
			);
			name = Products;
			sourceTree = "<group>";
		};
		F7D9AD00149D957A004227F7 /* runtime */ = {
			isa = PBXGroup;
			children = (
				F7D9AD42149DD910004227F7 /* ClarityString.c */,
				F7D9AD43149DD910004227F7 /* ClarityString.h */,
				F7D9AD01149D957A004227F7 /* Clarity.c */,
				F7D9AD02149D957A004227F7 /* Clarity.h */,
				F7D9AD03149D957A004227F7 /* ClarityArray.c */,
				F7D9AD04149D957A004227F7 /* ClarityArray.h */,
				F7D9AD05149D957A004227F7 /* ClarityDictionary.c */,
				F7D9AD06149D957A004227F7 /* ClarityDictionary.h */,
				F7D9AD07149D957A004227F7 /* ClarityEventLoop.c */,
				F7D9AD08149D957A004227F7 /* ClarityEventLoop.h */,
				F7D9AD09149D957A004227F7 /* ClarityHeap.c */,
				F7D9AD0A149D957A004227F7 /* ClarityHeap.h */,
				F7D9AD0B149D957A004227F7 /* ClarityTypes.h */,
				F7D9AD0C149D957A004227F7 /* main.c */,
			);
			name = runtime;
			path = ../src/lib/runtime;
			sourceTree = "<group>";
		};
/* End PBXGroup section */

/* Begin PBXNativeTarget section */
		F7D9AD2B149D9752004227F7 /* clarity */ = {
			isa = PBXNativeTarget;
			buildConfigurationList = F7D9AD33149D9752004227F7 /* Build configuration list for PBXNativeTarget "clarity" */;
			buildPhases = (
				F7D9AD28149D9752004227F7 /* Sources */,
				F7D9AD29149D9752004227F7 /* Frameworks */,
				F7D9AD2A149D9752004227F7 /* CopyFiles */,
			);
			buildRules = (
			);
			dependencies = (
			);
			name = clarity;
			productName = clarity;
			productReference = F7D9AD2C149D9752004227F7 /* clarity */;
			productType = "com.apple.product-type.tool";
		};
/* End PBXNativeTarget section */

/* Begin PBXProject section */
		F72ABDE6149C6EAA00477DD7 /* Project object */ = {
			isa = PBXProject;
			attributes = {
				LastUpgradeCheck = 0420;
			};
			buildConfigurationList = F72ABDE9149C6EAA00477DD7 /* Build configuration list for PBXProject "clarity" */;
			compatibilityVersion = "Xcode 3.2";
			developmentRegion = English;
			hasScannedForEncodings = 0;
			knownRegions = (
				en,
			);
			mainGroup = F72ABDE4149C6EAA00477DD7;
			productRefGroup = F72ABDF0149C6EAA00477DD7 /* Products */;
			projectDirPath = "";
			projectRoot = "";
			targets = (
				F7D9AD2B149D9752004227F7 /* clarity */,
			);
		};
/* End PBXProject section */

/* Begin PBXSourcesBuildPhase section */
		F7D9AD28149D9752004227F7 /* Sources */ = {
			isa = PBXSourcesBuildPhase;
			buildActionMask = 2147483647;
			files = (
				F7D9AD36149D9791004227F7 /* Clarity.c in Sources */,
				F7D9AD38149D9791004227F7 /* ClarityArray.c in Sources */,
				F7D9AD3A149D9791004227F7 /* ClarityDictionary.c in Sources */,
				F7D9AD3C149D9791004227F7 /* ClarityEventLoop.c in Sources */,
				F7D9AD3E149D9791004227F7 /* ClarityHeap.c in Sources */,
				F7D9AD41149D9791004227F7 /* main.c in Sources */,
				F7D9AD44149DD910004227F7 /* ClarityString.c in Sources */,
			);
			runOnlyForDeploymentPostprocessing = 0;
		};
/* End PBXSourcesBuildPhase section */

/* Begin XCBuildConfiguration section */
		F72ABDF1149C6EAA00477DD7 /* Debug */ = {
			isa = XCBuildConfiguration;
			buildSettings = {
				ALWAYS_SEARCH_USER_PATHS = NO;
				ARCHS = "$(ARCHS_STANDARD_64_BIT)";
				CLANG_ENABLE_OBJC_ARC = YES;
				COPY_PHASE_STRIP = NO;
				GCC_C_LANGUAGE_STANDARD = gnu99;
				GCC_DYNAMIC_NO_PIC = NO;
				GCC_ENABLE_OBJC_EXCEPTIONS = YES;
				GCC_OPTIMIZATION_LEVEL = 0;
				GCC_PREPROCESSOR_DEFINITIONS = (
					"DEBUG=1",
					"$(inherited)",
				);
				GCC_SYMBOLS_PRIVATE_EXTERN = NO;
				GCC_VERSION = com.apple.compilers.llvm.clang.1_0;
				GCC_WARN_64_TO_32_BIT_CONVERSION = YES;
				GCC_WARN_ABOUT_MISSING_PROTOTYPES = YES;
				GCC_WARN_ABOUT_RETURN_TYPE = YES;
				GCC_WARN_UNUSED_VARIABLE = YES;
				MACOSX_DEPLOYMENT_TARGET = 10.7;
				ONLY_ACTIVE_ARCH = YES;
				SDKROOT = macosx;
			};
			name = Debug;
		};
		F72ABDF2149C6EAA00477DD7 /* Release */ = {
			isa = XCBuildConfiguration;
			buildSettings = {
				ALWAYS_SEARCH_USER_PATHS = NO;
				ARCHS = "$(ARCHS_STANDARD_64_BIT)";
				CLANG_ENABLE_OBJC_ARC = YES;
				COPY_PHASE_STRIP = YES;
				DEBUG_INFORMATION_FORMAT = "dwarf-with-dsym";
				GCC_C_LANGUAGE_STANDARD = gnu99;
				GCC_ENABLE_OBJC_EXCEPTIONS = YES;
				GCC_VERSION = com.apple.compilers.llvm.clang.1_0;
				GCC_WARN_64_TO_32_BIT_CONVERSION = YES;
				GCC_WARN_ABOUT_MISSING_PROTOTYPES = YES;
				GCC_WARN_ABOUT_RETURN_TYPE = YES;
				GCC_WARN_UNUSED_VARIABLE = YES;
				MACOSX_DEPLOYMENT_TARGET = 10.7;
				SDKROOT = macosx;
			};
			name = Release;
		};
		F7D9AD34149D9752004227F7 /* Debug */ = {
			isa = XCBuildConfiguration;
			buildSettings = {
				ARCHS = "$(ARCHS_STANDARD_32_64_BIT)";
				CLANG_WARN_SUSPICIOUS_IMPLICIT_CONVERSION = YES;
				GCC_TREAT_IMPLICIT_FUNCTION_DECLARATIONS_AS_ERRORS = YES;
				GCC_TREAT_INCOMPATIBLE_POINTER_TYPE_WARNINGS_AS_ERRORS = YES;
				GCC_TREAT_WARNINGS_AS_ERRORS = YES;
				GCC_WARN_ABOUT_MISSING_FIELD_INITIALIZERS = YES;
				GCC_WARN_ABOUT_MISSING_NEWLINE = YES;
				GCC_WARN_INITIALIZER_NOT_FULLY_BRACKETED = YES;
				GCC_WARN_MULTIPLE_DEFINITION_TYPES_FOR_SELECTOR = YES;
				GCC_WARN_PEDANTIC = YES;
				GCC_WARN_SHADOW = YES;
				GCC_WARN_SIGN_COMPARE = YES;
				GCC_WARN_STRICT_SELECTOR_MATCH = YES;
				GCC_WARN_UNDECLARED_SELECTOR = YES;
				GCC_WARN_UNINITIALIZED_AUTOS = YES;
				GCC_WARN_UNKNOWN_PRAGMAS = YES;
				GCC_WARN_UNUSED_FUNCTION = YES;
				GCC_WARN_UNUSED_LABEL = YES;
				GCC_WARN_UNUSED_PARAMETER = YES;
				PRODUCT_NAME = "$(TARGET_NAME)";
				RUN_CLANG_STATIC_ANALYZER = YES;
			};
			name = Debug;
		};
		F7D9AD35149D9752004227F7 /* Release */ = {
			isa = XCBuildConfiguration;
			buildSettings = {
				ARCHS = "$(ARCHS_STANDARD_32_64_BIT)";
				CLANG_WARN_SUSPICIOUS_IMPLICIT_CONVERSION = YES;
				GCC_TREAT_IMPLICIT_FUNCTION_DECLARATIONS_AS_ERRORS = YES;
				GCC_TREAT_INCOMPATIBLE_POINTER_TYPE_WARNINGS_AS_ERRORS = YES;
				GCC_TREAT_WARNINGS_AS_ERRORS = YES;
				GCC_WARN_ABOUT_MISSING_FIELD_INITIALIZERS = YES;
				GCC_WARN_ABOUT_MISSING_NEWLINE = YES;
				GCC_WARN_INITIALIZER_NOT_FULLY_BRACKETED = YES;
				GCC_WARN_MULTIPLE_DEFINITION_TYPES_FOR_SELECTOR = YES;
				GCC_WARN_PEDANTIC = YES;
				GCC_WARN_SHADOW = YES;
				GCC_WARN_SIGN_COMPARE = YES;
				GCC_WARN_STRICT_SELECTOR_MATCH = YES;
				GCC_WARN_UNDECLARED_SELECTOR = YES;
				GCC_WARN_UNINITIALIZED_AUTOS = YES;
				GCC_WARN_UNKNOWN_PRAGMAS = YES;
				GCC_WARN_UNUSED_FUNCTION = YES;
				GCC_WARN_UNUSED_LABEL = YES;
				GCC_WARN_UNUSED_PARAMETER = YES;
				PRODUCT_NAME = "$(TARGET_NAME)";
				RUN_CLANG_STATIC_ANALYZER = YES;
			};
			name = Release;
		};
/* End XCBuildConfiguration section */

/* Begin XCConfigurationList section */
		F72ABDE9149C6EAA00477DD7 /* Build configuration list for PBXProject "clarity" */ = {
			isa = XCConfigurationList;
			buildConfigurations = (
				F72ABDF1149C6EAA00477DD7 /* Debug */,
				F72ABDF2149C6EAA00477DD7 /* Release */,
			);
			defaultConfigurationIsVisible = 0;
			defaultConfigurationName = Release;
		};
		F7D9AD33149D9752004227F7 /* Build configuration list for PBXNativeTarget "clarity" */ = {
			isa = XCConfigurationList;
			buildConfigurations = (
				F7D9AD34149D9752004227F7 /* Debug */,
				F7D9AD35149D9752004227F7 /* Release */,
			);
			defaultConfigurationIsVisible = 0;
			defaultConfigurationName = Release;
		};
/* End XCConfigurationList section */
	};
	rootObject = F72ABDE6149C6EAA00477DD7 /* Project object */;
}
